{
  "name": "mpa-template",
  "version": "0.0.7",
  "lockfileVersion": 2,
  "requires": true,
  "packages": {
    "": {
      "name": "mpa-template",
      "version": "0.0.7",
      "license": "MIT",
      "workspaces": [
        "examples/js",
        "examples/ts"
      ],
      "devDependencies": {
        "@types/node": "^18.7.14"
      }
    },
    "examples/js": {
      "version": "0.0.1",
      "license": "MIT",
      "dependencies": {
        "abbrev": "^1.1.1"
      }
    },
    "examples/ts": {
      "version": "0.0.1",
      "license": "MIT",
      "devDependencies": {}
    },
    "node_modules/@types/node": {
      "version": "18.16.19",
      "resolved": "https://registry.npmmirror.com/@types/node/-/node-18.16.19.tgz",
      "integrity": "sha512-IXl7o+R9iti9eBW4Wg2hx1xQDig183jj7YLn8F7udNceyfkbn1ZxmzZXuak20gR40D7pIkIY1kYGx5VIGbaHKA==",
      "dev": true,
      "license": "MIT"
    },
    "node_modules/abbrev": {
      "version": "1.1.1",
      "resolved": "https://packages.aliyun.com/5f3dd3d4db0493ecef90d98d/npm/npm-registry/abbrev/-/abbrev-1.1.1.tgz",
      "integrity": "sha512-nne9/IiQ/hzIhY6pdDnbBtz7DjPTKrY00P/zvPSm5pOFkl6xuGrGnXn/VtTNNfNtAfZ9/1RtehkszU9qcTii0Q==",
      "license": "ISC"
    },
    "node_modules/js": {
      "resolved": "examples/js",
      "link": true
    },
    "node_modules/ts": {
      "resolved": "examples/ts",
      "link": true
    }
  },
  "dependencies": {
    "@types/node": {
      "version": "18.16.19",
      "resolved": "https://registry.npmmirror.com/@types/node/-/node-18.16.19.tgz",
      "integrity": "sha512-IXl7o+R9iti9eBW4Wg2hx1xQDig183jj7YLn8F7udNceyfkbn1ZxmzZXuak20gR40D7pIkIY1kYGx5VIGbaHKA==",
      "dev": true
    },
    "abbrev": {
      "version": "1.1.1",
      "resolved": "https://packages.aliyun.com/5f3dd3d4db0493ecef90d98d/npm/npm-registry/abbrev/-/abbrev-1.1.1.tgz",
      "integrity": "sha512-nne9/IiQ/hzIhY6pdDnbBtz7DjPTKrY00P/zvPSm5pOFkl6xuGrGnXn/VtTNNfNtAfZ9/1RtehkszU9qcTii0Q=="
    },
    "js": {
      "version": "file:examples/js",
      "requires": {
        "abbrev": "^1.1.1"
      }
    },
    "ts": {
      "version": "file:examples/ts"
    }
  }
}
